
Microsoft Visual Studio Solution File, Format Version 12.00
# Visual Studio Version 17
VisualStudioVersion = 17.5.33516.290
MinimumVisualStudioVersion = 10.0.40219.1
Project("{9A19103F-16F7-4668-BE54-9A1E7A4F7556}") = "KANTAIM.WEB", "KANTAIM.WEB\KANTAIM.WEB.csproj", "{B6F88BE7-BC56-4EC5-A550-D6C184C404CE}"
EndProject
Project("{9A19103F-16F7-4668-BE54-9A1E7A4F7556}") = "KANTAIM.DAL", "KANTAIM.DAL\KANTAIM.DAL.csproj", "{1C87E798-86AC-4571-911E-CD9CA6B7CC6F}"
EndProject
Project("{9A19103F-16F7-4668-BE54-9A1E7A4F7556}") = "KANTAIM.APK", "KANTAIM.APK\KANTAIM.APK.csproj", "{EA1190A2-1B9E-4A86-B366-223CDEAA3417}"
EndProject
Global
	GlobalSection(SolutionConfigurationPlatforms) = preSolution
		Debug|Any CPU = Debug|Any CPU
		Release|Any CPU = Release|Any CPU
	EndGlobalSection
	GlobalSection(ProjectConfigurationPlatforms) = postSolution
		{B6F88BE7-BC56-4EC5-A550-D6C184C404CE}.Debug|Any CPU.ActiveCfg = Debug|Any CPU
		{B6F88BE7-BC56-4EC5-A550-D6C184C404CE}.Debug|Any CPU.Build.0 = Debug|Any CPU
		{B6F88BE7-BC56-4EC5-A550-D6C184C404CE}.Release|Any CPU.ActiveCfg = Release|Any CPU
		{B6F88BE7-BC56-4EC5-A550-D6C184C404CE}.Release|Any CPU.Build.0 = Release|Any CPU
		{1C87E798-86AC-4571-911E-CD9CA6B7CC6F}.Debug|Any CPU.ActiveCfg = Debug|Any CPU
		{1C87E798-86AC-4571-911E-CD9CA6B7CC6F}.Debug|Any CPU.Build.0 = Debug|Any CPU
		{1C87E798-86AC-4571-911E-CD9CA6B7CC6F}.Release|Any CPU.ActiveCfg = Release|Any CPU
		{1C87E798-86AC-4571-911E-CD9CA6B7CC6F}.Release|Any CPU.Build.0 = Release|Any CPU
		{EA1190A2-1B9E-4A86-B366-223CDEAA3417}.Debug|Any CPU.ActiveCfg = Debug|Any CPU
		{EA1190A2-1B9E-4A86-B366-223CDEAA3417}.Debug|Any CPU.Build.0 = Debug|Any CPU
		{EA1190A2-1B9E-4A86-B366-223CDEAA3417}.Debug|Any CPU.Deploy.0 = Debug|Any CPU
		{EA1190A2-1B9E-4A86-B366-223CDEAA3417}.Release|Any CPU.ActiveCfg = Release|Any CPU
		{EA1190A2-1B9E-4A86-B366-223CDEAA3417}.Release|Any CPU.Build.0 = Release|Any CPU
		{EA1190A2-1B9E-4A86-B366-223CDEAA3417}.Release|Any CPU.Deploy.0 = Release|Any CPU
	EndGlobalSection
	GlobalSection(SolutionProperties) = preSolution
		HideSolutionNode = FALSE
	EndGlobalSection
	GlobalSection(ExtensibilityGlobals) = postSolution
		SolutionGuid = {C5069F4C-93A2-4AA9-94D1-189C1A37DE12}
	EndGlobalSection
EndGlobal
